
Microsoft Visual Studio Solution File, Format Version 12.00
# Visual Studio Version 17
VisualStudioVersion = 17.9.34723.18
MinimumVisualStudioVersion = 10.0.40219.1
Project("{9A19103F-16F7-4668-BE54-9A1E7A4F7556}") = "GeoPagosAPI", "src\GeoPagosAPI\GeoPagosAPI.csproj", "{2133DD51-F576-44BB-AD20-2C7B2F729039}"
EndProject
Project("{2150E333-8FDC-42A3-9474-1A3956D46DE8}") = "src", "src", "{D52C9B84-5443-416A-8BEC-8AE3FC05FEC0}"
EndProject
Project("{E53339B2-1760-4266-BCC7-CA923CBCF16C}") = "docker-compose", "docker-compose.dcproj", "{FAC54834-44C6-44D8-B59D-CB61B424302C}"
EndProject
Project("{2150E333-8FDC-42A3-9474-1A3956D46DE8}") = "srv", "srv", "{781D3E5D-A1A6-472E-AA93-B7ACD9F3F95D}"
EndProject
Project("{FAE04EC0-301F-11D3-BF4B-00C04F79EFBC}") = "ProcesamientoServicio", "srv\ProcesamientoServicio\ProcesamientoServicio.csproj", "{60F2ADD9-0849-457E-8D82-F94622A6300B}"
EndProject
Global
	GlobalSection(SolutionConfigurationPlatforms) = preSolution
		Debug|Any CPU = Debug|Any CPU
		Release|Any CPU = Release|Any CPU
	EndGlobalSection
	GlobalSection(ProjectConfigurationPlatforms) = postSolution
		{2133DD51-F576-44BB-AD20-2C7B2F729039}.Debug|Any CPU.ActiveCfg = Debug|Any CPU
		{2133DD51-F576-44BB-AD20-2C7B2F729039}.Debug|Any CPU.Build.0 = Debug|Any CPU
		{2133DD51-F576-44BB-AD20-2C7B2F729039}.Release|Any CPU.ActiveCfg = Release|Any CPU
		{2133DD51-F576-44BB-AD20-2C7B2F729039}.Release|Any CPU.Build.0 = Release|Any CPU
		{FAC54834-44C6-44D8-B59D-CB61B424302C}.Debug|Any CPU.ActiveCfg = Debug|Any CPU
		{FAC54834-44C6-44D8-B59D-CB61B424302C}.Debug|Any CPU.Build.0 = Debug|Any CPU
		{FAC54834-44C6-44D8-B59D-CB61B424302C}.Release|Any CPU.ActiveCfg = Release|Any CPU
		{FAC54834-44C6-44D8-B59D-CB61B424302C}.Release|Any CPU.Build.0 = Release|Any CPU
		{60F2ADD9-0849-457E-8D82-F94622A6300B}.Debug|Any CPU.ActiveCfg = Debug|Any CPU
		{60F2ADD9-0849-457E-8D82-F94622A6300B}.Debug|Any CPU.Build.0 = Debug|Any CPU
		{60F2ADD9-0849-457E-8D82-F94622A6300B}.Release|Any CPU.ActiveCfg = Release|Any CPU
		{60F2ADD9-0849-457E-8D82-F94622A6300B}.Release|Any CPU.Build.0 = Release|Any CPU
	EndGlobalSection
	GlobalSection(SolutionProperties) = preSolution
		HideSolutionNode = FALSE
	EndGlobalSection
	GlobalSection(NestedProjects) = preSolution
		{2133DD51-F576-44BB-AD20-2C7B2F729039} = {D52C9B84-5443-416A-8BEC-8AE3FC05FEC0}
		{60F2ADD9-0849-457E-8D82-F94622A6300B} = {781D3E5D-A1A6-472E-AA93-B7ACD9F3F95D}
	EndGlobalSection
	GlobalSection(ExtensibilityGlobals) = postSolution
		SolutionGuid = {DA7A55EC-2001-41BB-8FA3-2562B6A2F381}
	EndGlobalSection
EndGlobal
